
Microsoft Visual Studio Solution File, Format Version 12.00
# Visual Studio 15
VisualStudioVersion = 15.0.28010.0
MinimumVisualStudioVersion = 10.0.40219.1
Project("{FAE04EC0-301F-11D3-BF4B-00C04F79EFBC}") = "GearsLib", "GearsLib\GearsLib.csproj", "{718365EE-C799-4E86-930D-FC01E8A92D1C}"
EndProject
Project("{FAE04EC0-301F-11D3-BF4B-00C04F79EFBC}") = "GearsUI", "GearsUI\GearsUI.csproj", "{D080ADFD-A999-4F5F-8F35-9DD312716A35}"
EndProject
Project("{FAE04EC0-301F-11D3-BF4B-00C04F79EFBC}") = "BevelGears", "BevelGears\BevelGears.csproj", "{6D7E806C-1C48-44FA-BCAE-D58C9A0FE564}"
EndProject
Global
	GlobalSection(SolutionConfigurationPlatforms) = preSolution
		Debug|Any CPU = Debug|Any CPU
		Debug|x64 = Debug|x64
		Debug|x86 = Debug|x86
		Release|Any CPU = Release|Any CPU
		Release|x64 = Release|x64
		Release|x86 = Release|x86
	EndGlobalSection
	GlobalSection(ProjectConfigurationPlatforms) = postSolution
		{718365EE-C799-4E86-930D-FC01E8A92D1C}.Debug|Any CPU.ActiveCfg = Debug|Any CPU
		{718365EE-C799-4E86-930D-FC01E8A92D1C}.Debug|Any CPU.Build.0 = Debug|Any CPU
		{718365EE-C799-4E86-930D-FC01E8A92D1C}.Debug|x64.ActiveCfg = Debug|Any CPU
		{718365EE-C799-4E86-930D-FC01E8A92D1C}.Debug|x64.Build.0 = Debug|Any CPU
		{718365EE-C799-4E86-930D-FC01E8A92D1C}.Debug|x86.ActiveCfg = Debug|Any CPU
		{718365EE-C799-4E86-930D-FC01E8A92D1C}.Debug|x86.Build.0 = Debug|Any CPU
		{718365EE-C799-4E86-930D-FC01E8A92D1C}.Release|Any CPU.ActiveCfg = Release|Any CPU
		{718365EE-C799-4E86-930D-FC01E8A92D1C}.Release|Any CPU.Build.0 = Release|Any CPU
		{718365EE-C799-4E86-930D-FC01E8A92D1C}.Release|x64.ActiveCfg = Release|Any CPU
		{718365EE-C799-4E86-930D-FC01E8A92D1C}.Release|x64.Build.0 = Release|Any CPU
		{718365EE-C799-4E86-930D-FC01E8A92D1C}.Release|x86.ActiveCfg = Release|Any CPU
		{718365EE-C799-4E86-930D-FC01E8A92D1C}.Release|x86.Build.0 = Release|Any CPU
		{D080ADFD-A999-4F5F-8F35-9DD312716A35}.Debug|Any CPU.ActiveCfg = Debug|Any CPU
		{D080ADFD-A999-4F5F-8F35-9DD312716A35}.Debug|Any CPU.Build.0 = Debug|Any CPU
		{D080ADFD-A999-4F5F-8F35-9DD312716A35}.Debug|x64.ActiveCfg = Debug|Any CPU
		{D080ADFD-A999-4F5F-8F35-9DD312716A35}.Debug|x64.Build.0 = Debug|Any CPU
		{D080ADFD-A999-4F5F-8F35-9DD312716A35}.Debug|x86.ActiveCfg = Debug|Any CPU
		{D080ADFD-A999-4F5F-8F35-9DD312716A35}.Debug|x86.Build.0 = Debug|Any CPU
		{D080ADFD-A999-4F5F-8F35-9DD312716A35}.Release|Any CPU.ActiveCfg = Release|Any CPU
		{D080ADFD-A999-4F5F-8F35-9DD312716A35}.Release|Any CPU.Build.0 = Release|Any CPU
		{D080ADFD-A999-4F5F-8F35-9DD312716A35}.Release|x64.ActiveCfg = Release|Any CPU
		{D080ADFD-A999-4F5F-8F35-9DD312716A35}.Release|x64.Build.0 = Release|Any CPU
		{D080ADFD-A999-4F5F-8F35-9DD312716A35}.Release|x86.ActiveCfg = Release|Any CPU
		{D080ADFD-A999-4F5F-8F35-9DD312716A35}.Release|x86.Build.0 = Release|Any CPU
		{6D7E806C-1C48-44FA-BCAE-D58C9A0FE564}.Debug|Any CPU.ActiveCfg = Debug|Any CPU
		{6D7E806C-1C48-44FA-BCAE-D58C9A0FE564}.Debug|Any CPU.Build.0 = Debug|Any CPU
		{6D7E806C-1C48-44FA-BCAE-D58C9A0FE564}.Debug|x64.ActiveCfg = Debug|Any CPU
		{6D7E806C-1C48-44FA-BCAE-D58C9A0FE564}.Debug|x64.Build.0 = Debug|Any CPU
		{6D7E806C-1C48-44FA-BCAE-D58C9A0FE564}.Debug|x86.ActiveCfg = Debug|Any CPU
		{6D7E806C-1C48-44FA-BCAE-D58C9A0FE564}.Debug|x86.Build.0 = Debug|Any CPU
		{6D7E806C-1C48-44FA-BCAE-D58C9A0FE564}.Release|Any CPU.ActiveCfg = Release|Any CPU
		{6D7E806C-1C48-44FA-BCAE-D58C9A0FE564}.Release|Any CPU.Build.0 = Release|Any CPU
		{6D7E806C-1C48-44FA-BCAE-D58C9A0FE564}.Release|x64.ActiveCfg = Release|Any CPU
		{6D7E806C-1C48-44FA-BCAE-D58C9A0FE564}.Release|x64.Build.0 = Release|Any CPU
		{6D7E806C-1C48-44FA-BCAE-D58C9A0FE564}.Release|x86.ActiveCfg = Release|Any CPU
		{6D7E806C-1C48-44FA-BCAE-D58C9A0FE564}.Release|x86.Build.0 = Release|Any CPU
	EndGlobalSection
	GlobalSection(SolutionProperties) = preSolution
		HideSolutionNode = FALSE
	EndGlobalSection
	GlobalSection(ExtensibilityGlobals) = postSolution
		SolutionGuid = {F1460D09-4B98-402D-AD08-3F6E10FDF4F0}
	EndGlobalSection
EndGlobal
